
Microsoft Visual Studio Solution File, Format Version 12.00
# Visual Studio Version 16
VisualStudioVersion = 16.0.31410.357
MinimumVisualStudioVersion = 10.0.40219.1
Project("{FAE04EC0-301F-11D3-BF4B-00C04F79EFBC}") = "StoreApp.UWP", "StoreApp\StoreApp.UWP\StoreApp.UWP.csproj", "{FC6A98F7-B876-46A6-9C55-A8D45589E8B7}"
EndProject
Project("{FAE04EC0-301F-11D3-BF4B-00C04F79EFBC}") = "StoreApp.Android", "StoreApp\StoreApp.Android\StoreApp.Android.csproj", "{392AE266-09A2-4A92-8403-135C4C8490B5}"
EndProject
Project("{FAE04EC0-301F-11D3-BF4B-00C04F79EFBC}") = "StoreApp.iOS", "StoreApp\StoreApp.iOS\StoreApp.iOS.csproj", "{BE62585A-E01F-49A9-84AF-1E80E373C322}"
EndProject
Project("{FAE04EC0-301F-11D3-BF4B-00C04F79EFBC}") = "StoreApp", "StoreApp\StoreApp\StoreApp.csproj", "{F512B7A9-E77D-404A-9FEF-7F527EEF9453}"
EndProject
Global
	GlobalSection(SolutionConfigurationPlatforms) = preSolution
		Debug|Any CPU = Debug|Any CPU
		Debug|ARM = Debug|ARM
		Debug|iPhone = Debug|iPhone
		Debug|iPhoneSimulator = Debug|iPhoneSimulator
		Debug|x64 = Debug|x64
		Debug|x86 = Debug|x86
		Release|Any CPU = Release|Any CPU
		Release|ARM = Release|ARM
		Release|iPhone = Release|iPhone
		Release|iPhoneSimulator = Release|iPhoneSimulator
		Release|x64 = Release|x64
		Release|x86 = Release|x86
	EndGlobalSection
	GlobalSection(ProjectConfigurationPlatforms) = postSolution
		{FC6A98F7-B876-46A6-9C55-A8D45589E8B7}.Debug|Any CPU.ActiveCfg = Debug|x86
		{FC6A98F7-B876-46A6-9C55-A8D45589E8B7}.Debug|Any CPU.Build.0 = Debug|x86
		{FC6A98F7-B876-46A6-9C55-A8D45589E8B7}.Debug|Any CPU.Deploy.0 = Debug|x86
		{FC6A98F7-B876-46A6-9C55-A8D45589E8B7}.Debug|ARM.ActiveCfg = Debug|ARM
		{FC6A98F7-B876-46A6-9C55-A8D45589E8B7}.Debug|ARM.Build.0 = Debug|ARM
		{FC6A98F7-B876-46A6-9C55-A8D45589E8B7}.Debug|ARM.Deploy.0 = Debug|ARM
		{FC6A98F7-B876-46A6-9C55-A8D45589E8B7}.Debug|iPhone.ActiveCfg = Debug|x86
		{FC6A98F7-B876-46A6-9C55-A8D45589E8B7}.Debug|iPhone.Build.0 = Debug|x86
		{FC6A98F7-B876-46A6-9C55-A8D45589E8B7}.Debug|iPhone.Deploy.0 = Debug|x86
		{FC6A98F7-B876-46A6-9C55-A8D45589E8B7}.Debug|iPhoneSimulator.ActiveCfg = Debug|x86
		{FC6A98F7-B876-46A6-9C55-A8D45589E8B7}.Debug|iPhoneSimulator.Build.0 = Debug|x86
		{FC6A98F7-B876-46A6-9C55-A8D45589E8B7}.Debug|iPhoneSimulator.Deploy.0 = Debug|x86
		{FC6A98F7-B876-46A6-9C55-A8D45589E8B7}.Debug|x64.ActiveCfg = Debug|x64
		{FC6A98F7-B876-46A6-9C55-A8D45589E8B7}.Debug|x64.Build.0 = Debug|x64
		{FC6A98F7-B876-46A6-9C55-A8D45589E8B7}.Debug|x64.Deploy.0 = Debug|x64
		{FC6A98F7-B876-46A6-9C55-A8D45589E8B7}.Debug|x86.ActiveCfg = Debug|x86
		{FC6A98F7-B876-46A6-9C55-A8D45589E8B7}.Debug|x86.Build.0 = Debug|x86
		{FC6A98F7-B876-46A6-9C55-A8D45589E8B7}.Debug|x86.Deploy.0 = Debug|x86
		{FC6A98F7-B876-46A6-9C55-A8D45589E8B7}.Release|Any CPU.ActiveCfg = Release|x86
		{FC6A98F7-B876-46A6-9C55-A8D45589E8B7}.Release|Any CPU.Build.0 = Release|x86
		{FC6A98F7-B876-46A6-9C55-A8D45589E8B7}.Release|Any CPU.Deploy.0 = Release|x86
		{FC6A98F7-B876-46A6-9C55-A8D45589E8B7}.Release|ARM.ActiveCfg = Release|ARM
		{FC6A98F7-B876-46A6-9C55-A8D45589E8B7}.Release|ARM.Build.0 = Release|ARM
		{FC6A98F7-B876-46A6-9C55-A8D45589E8B7}.Release|ARM.Deploy.0 = Release|ARM
		{FC6A98F7-B876-46A6-9C55-A8D45589E8B7}.Release|iPhone.ActiveCfg = Release|x86
		{FC6A98F7-B876-46A6-9C55-A8D45589E8B7}.Release|iPhone.Build.0 = Release|x86
		{FC6A98F7-B876-46A6-9C55-A8D45589E8B7}.Release|iPhone.Deploy.0 = Release|x86
		{FC6A98F7-B876-46A6-9C55-A8D45589E8B7}.Release|iPhoneSimulator.ActiveCfg = Release|x86
		{FC6A98F7-B876-46A6-9C55-A8D45589E8B7}.Release|iPhoneSimulator.Build.0 = Release|x86
		{FC6A98F7-B876-46A6-9C55-A8D45589E8B7}.Release|iPhoneSimulator.Deploy.0 = Release|x86
		{FC6A98F7-B876-46A6-9C55-A8D45589E8B7}.Release|x64.ActiveCfg = Release|x64
		{FC6A98F7-B876-46A6-9C55-A8D45589E8B7}.Release|x64.Build.0 = Release|x64
		{FC6A98F7-B876-46A6-9C55-A8D45589E8B7}.Release|x64.Deploy.0 = Release|x64
		{FC6A98F7-B876-46A6-9C55-A8D45589E8B7}.Release|x86.ActiveCfg = Release|x86
		{FC6A98F7-B876-46A6-9C55-A8D45589E8B7}.Release|x86.Build.0 = Release|x86
		{FC6A98F7-B876-46A6-9C55-A8D45589E8B7}.Release|x86.Deploy.0 = Release|x86
		{392AE266-09A2-4A92-8403-135C4C8490B5}.Debug|Any CPU.ActiveCfg = Debug|Any CPU
		{392AE266-09A2-4A92-8403-135C4C8490B5}.Debug|Any CPU.Build.0 = Debug|Any CPU
		{392AE266-09A2-4A92-8403-135C4C8490B5}.Debug|Any CPU.Deploy.0 = Debug|Any CPU
		{392AE266-09A2-4A92-8403-135C4C8490B5}.Debug|ARM.ActiveCfg = Debug|Any CPU
		{392AE266-09A2-4A92-8403-135C4C8490B5}.Debug|ARM.Build.0 = Debug|Any CPU
		{392AE266-09A2-4A92-8403-135C4C8490B5}.Debug|ARM.Deploy.0 = Debug|Any CPU
		{392AE266-09A2-4A92-8403-135C4C8490B5}.Debug|iPhone.ActiveCfg = Debug|Any CPU
		{392AE266-09A2-4A92-8403-135C4C8490B5}.Debug|iPhone.Build.0 = Debug|Any CPU
		{392AE266-09A2-4A92-8403-135C4C8490B5}.Debug|iPhone.Deploy.0 = Debug|Any CPU
		{392AE266-09A2-4A92-8403-135C4C8490B5}.Debug|iPhoneSimulator.ActiveCfg = Debug|Any CPU
		{392AE266-09A2-4A92-8403-135C4C8490B5}.Debug|iPhoneSimulator.Build.0 = Debug|Any CPU
		{392AE266-09A2-4A92-8403-135C4C8490B5}.Debug|iPhoneSimulator.Deploy.0 = Debug|Any CPU
		{392AE266-09A2-4A92-8403-135C4C8490B5}.Debug|x64.ActiveCfg = Debug|Any CPU
		{392AE266-09A2-4A92-8403-135C4C8490B5}.Debug|x64.Build.0 = Debug|Any CPU
		{392AE266-09A2-4A92-8403-135C4C8490B5}.Debug|x64.Deploy.0 = Debug|Any CPU
		{392AE266-09A2-4A92-8403-135C4C8490B5}.Debug|x86.ActiveCfg = Debug|Any CPU
		{392AE266-09A2-4A92-8403-135C4C8490B5}.Debug|x86.Build.0 = Debug|Any CPU
		{392AE266-09A2-4A92-8403-135C4C8490B5}.Debug|x86.Deploy.0 = Debug|Any CPU
		{392AE266-09A2-4A92-8403-135C4C8490B5}.Release|Any CPU.ActiveCfg = Release|Any CPU
		{392AE266-09A2-4A92-8403-135C4C8490B5}.Release|Any CPU.Build.0 = Release|Any CPU
		{392AE266-09A2-4A92-8403-135C4C8490B5}.Release|Any CPU.Deploy.0 = Release|Any CPU
		{392AE266-09A2-4A92-8403-135C4C8490B5}.Release|ARM.ActiveCfg = Release|Any CPU
		{392AE266-09A2-4A92-8403-135C4C8490B5}.Release|ARM.Build.0 = Release|Any CPU
		{392AE266-09A2-4A92-8403-135C4C8490B5}.Release|ARM.Deploy.0 = Release|Any CPU
		{392AE266-09A2-4A92-8403-135C4C8490B5}.Release|iPhone.ActiveCfg = Release|Any CPU
		{392AE266-09A2-4A92-8403-135C4C8490B5}.Release|iPhone.Build.0 = Release|Any CPU
		{392AE266-09A2-4A92-8403-135C4C8490B5}.Release|iPhone.Deploy.0 = Release|Any CPU
		{392AE266-09A2-4A92-8403-135C4C8490B5}.Release|iPhoneSimulator.ActiveCfg = Release|Any CPU
		{392AE266-09A2-4A92-8403-135C4C8490B5}.Release|iPhoneSimulator.Build.0 = Release|Any CPU
		{392AE266-09A2-4A92-8403-135C4C8490B5}.Release|iPhoneSimulator.Deploy.0 = Release|Any CPU
		{392AE266-09A2-4A92-8403-135C4C8490B5}.Release|x64.ActiveCfg = Release|Any CPU
		{392AE266-09A2-4A92-8403-135C4C8490B5}.Release|x64.Build.0 = Release|Any CPU
		{392AE266-09A2-4A92-8403-135C4C8490B5}.Release|x64.Deploy.0 = Release|Any CPU
		{392AE266-09A2-4A92-8403-135C4C8490B5}.Release|x86.ActiveCfg = Release|Any CPU
		{392AE266-09A2-4A92-8403-135C4C8490B5}.Release|x86.Build.0 = Release|Any CPU
		{392AE266-09A2-4A92-8403-135C4C8490B5}.Release|x86.Deploy.0 = Release|Any CPU
		{BE62585A-E01F-49A9-84AF-1E80E373C322}.Debug|Any CPU.ActiveCfg = Debug|iPhoneSimulator
		{BE62585A-E01F-49A9-84AF-1E80E373C322}.Debug|Any CPU.Build.0 = Debug|iPhoneSimulator
		{BE62585A-E01F-49A9-84AF-1E80E373C322}.Debug|Any CPU.Deploy.0 = Debug|iPhoneSimulator
		{BE62585A-E01F-49A9-84AF-1E80E373C322}.Debug|ARM.ActiveCfg = Debug|iPhone
		{BE62585A-E01F-49A9-84AF-1E80E373C322}.Debug|ARM.Build.0 = Debug|iPhone
		{BE62585A-E01F-49A9-84AF-1E80E373C322}.Debug|ARM.Deploy.0 = Debug|iPhone
		{BE62585A-E01F-49A9-84AF-1E80E373C322}.Debug|iPhone.ActiveCfg = Debug|iPhone
		{BE62585A-E01F-49A9-84AF-1E80E373C322}.Debug|iPhone.Build.0 = Debug|iPhone
		{BE62585A-E01F-49A9-84AF-1E80E373C322}.Debug|iPhone.Deploy.0 = Debug|iPhone
		{BE62585A-E01F-49A9-84AF-1E80E373C322}.Debug|iPhoneSimulator.ActiveCfg = Debug|iPhoneSimulator
		{BE62585A-E01F-49A9-84AF-1E80E373C322}.Debug|iPhoneSimulator.Build.0 = Debug|iPhoneSimulator
		{BE62585A-E01F-49A9-84AF-1E80E373C322}.Debug|iPhoneSimulator.Deploy.0 = Debug|iPhoneSimulator
		{BE62585A-E01F-49A9-84AF-1E80E373C322}.Debug|x64.ActiveCfg = Debug|iPhoneSimulator
		{BE62585A-E01F-49A9-84AF-1E80E373C322}.Debug|x64.Build.0 = Debug|iPhoneSimulator
		{BE62585A-E01F-49A9-84AF-1E80E373C322}.Debug|x64.Deploy.0 = Debug|iPhoneSimulator
		{BE62585A-E01F-49A9-84AF-1E80E373C322}.Debug|x86.ActiveCfg = Debug|iPhoneSimulator
		{BE62585A-E01F-49A9-84AF-1E80E373C322}.Debug|x86.Build.0 = Debug|iPhoneSimulator
		{BE62585A-E01F-49A9-84AF-1E80E373C322}.Debug|x86.Deploy.0 = Debug|iPhoneSimulator
		{BE62585A-E01F-49A9-84AF-1E80E373C322}.Release|Any CPU.ActiveCfg = Release|iPhoneSimulator
		{BE62585A-E01F-49A9-84AF-1E80E373C322}.Release|Any CPU.Build.0 = Release|iPhoneSimulator
		{BE62585A-E01F-49A9-84AF-1E80E373C322}.Release|Any CPU.Deploy.0 = Release|iPhoneSimulator
		{BE62585A-E01F-49A9-84AF-1E80E373C322}.Release|ARM.ActiveCfg = Release|iPhoneSimulator
		{BE62585A-E01F-49A9-84AF-1E80E373C322}.Release|ARM.Build.0 = Release|iPhoneSimulator
		{BE62585A-E01F-49A9-84AF-1E80E373C322}.Release|ARM.Deploy.0 = Release|iPhoneSimulator
		{BE62585A-E01F-49A9-84AF-1E80E373C322}.Release|iPhone.ActiveCfg = Release|iPhone
		{BE62585A-E01F-49A9-84AF-1E80E373C322}.Release|iPhone.Build.0 = Release|iPhone
		{BE62585A-E01F-49A9-84AF-1E80E373C322}.Release|iPhone.Deploy.0 = Release|iPhone
		{BE62585A-E01F-49A9-84AF-1E80E373C322}.Release|iPhoneSimulator.ActiveCfg = Release|iPhoneSimulator
		{BE62585A-E01F-49A9-84AF-1E80E373C322}.Release|iPhoneSimulator.Build.0 = Release|iPhoneSimulator
		{BE62585A-E01F-49A9-84AF-1E80E373C322}.Release|iPhoneSimulator.Deploy.0 = Release|iPhoneSimulator
		{BE62585A-E01F-49A9-84AF-1E80E373C322}.Release|x64.ActiveCfg = Release|iPhoneSimulator
		{BE62585A-E01F-49A9-84AF-1E80E373C322}.Release|x64.Build.0 = Release|iPhoneSimulator
		{BE62585A-E01F-49A9-84AF-1E80E373C322}.Release|x64.Deploy.0 = Release|iPhoneSimulator
		{BE62585A-E01F-49A9-84AF-1E80E373C322}.Release|x86.ActiveCfg = Release|iPhoneSimulator
		{BE62585A-E01F-49A9-84AF-1E80E373C322}.Release|x86.Build.0 = Release|iPhoneSimulator
		{BE62585A-E01F-49A9-84AF-1E80E373C322}.Release|x86.Deploy.0 = Release|iPhoneSimulator
		{F512B7A9-E77D-404A-9FEF-7F527EEF9453}.Debug|Any CPU.ActiveCfg = Debug|Any CPU
		{F512B7A9-E77D-404A-9FEF-7F527EEF9453}.Debug|Any CPU.Build.0 = Debug|Any CPU
		{F512B7A9-E77D-404A-9FEF-7F527EEF9453}.Debug|Any CPU.Deploy.0 = Debug|Any CPU
		{F512B7A9-E77D-404A-9FEF-7F527EEF9453}.Debug|ARM.ActiveCfg = Debug|Any CPU
		{F512B7A9-E77D-404A-9FEF-7F527EEF9453}.Debug|ARM.Build.0 = Debug|Any CPU
		{F512B7A9-E77D-404A-9FEF-7F527EEF9453}.Debug|ARM.Deploy.0 = Debug|Any CPU
		{F512B7A9-E77D-404A-9FEF-7F527EEF9453}.Debug|iPhone.ActiveCfg = Debug|Any CPU
		{F512B7A9-E77D-404A-9FEF-7F527EEF9453}.Debug|iPhone.Build.0 = Debug|Any CPU
		{F512B7A9-E77D-404A-9FEF-7F527EEF9453}.Debug|iPhone.Deploy.0 = Debug|Any CPU
		{F512B7A9-E77D-404A-9FEF-7F527EEF9453}.Debug|iPhoneSimulator.ActiveCfg = Debug|Any CPU
		{F512B7A9-E77D-404A-9FEF-7F527EEF9453}.Debug|iPhoneSimulator.Build.0 = Debug|Any CPU
		{F512B7A9-E77D-404A-9FEF-7F527EEF9453}.Debug|iPhoneSimulator.Deploy.0 = Debug|Any CPU
		{F512B7A9-E77D-404A-9FEF-7F527EEF9453}.Debug|x64.ActiveCfg = Debug|Any CPU
		{F512B7A9-E77D-404A-9FEF-7F527EEF9453}.Debug|x64.Build.0 = Debug|Any CPU
		{F512B7A9-E77D-404A-9FEF-7F527EEF9453}.Debug|x64.Deploy.0 = Debug|Any CPU
		{F512B7A9-E77D-404A-9FEF-7F527EEF9453}.Debug|x86.ActiveCfg = Debug|Any CPU
		{F512B7A9-E77D-404A-9FEF-7F527EEF9453}.Debug|x86.Build.0 = Debug|Any CPU
		{F512B7A9-E77D-404A-9FEF-7F527EEF9453}.Debug|x86.Deploy.0 = Debug|Any CPU
		{F512B7A9-E77D-404A-9FEF-7F527EEF9453}.Release|Any CPU.ActiveCfg = Release|Any CPU
		{F512B7A9-E77D-404A-9FEF-7F527EEF9453}.Release|Any CPU.Build.0 = Release|Any CPU
		{F512B7A9-E77D-404A-9FEF-7F527EEF9453}.Release|Any CPU.Deploy.0 = Release|Any CPU
		{F512B7A9-E77D-404A-9FEF-7F527EEF9453}.Release|ARM.ActiveCfg = Release|Any CPU
		{F512B7A9-E77D-404A-9FEF-7F527EEF9453}.Release|ARM.Build.0 = Release|Any CPU
		{F512B7A9-E77D-404A-9FEF-7F527EEF9453}.Release|ARM.Deploy.0 = Release|Any CPU
		{F512B7A9-E77D-404A-9FEF-7F527EEF9453}.Release|iPhone.ActiveCfg = Release|Any CPU
		{F512B7A9-E77D-404A-9FEF-7F527EEF9453}.Release|iPhone.Build.0 = Release|Any CPU
		{F512B7A9-E77D-404A-9FEF-7F527EEF9453}.Release|iPhone.Deploy.0 = Release|Any CPU
		{F512B7A9-E77D-404A-9FEF-7F527EEF9453}.Release|iPhoneSimulator.ActiveCfg = Release|Any CPU
		{F512B7A9-E77D-404A-9FEF-7F527EEF9453}.Release|iPhoneSimulator.Build.0 = Release|Any CPU
		{F512B7A9-E77D-404A-9FEF-7F527EEF9453}.Release|iPhoneSimulator.Deploy.0 = Release|Any CPU
		{F512B7A9-E77D-404A-9FEF-7F527EEF9453}.Release|x64.ActiveCfg = Release|Any CPU
		{F512B7A9-E77D-404A-9FEF-7F527EEF9453}.Release|x64.Build.0 = Release|Any CPU
		{F512B7A9-E77D-404A-9FEF-7F527EEF9453}.Release|x64.Deploy.0 = Release|Any CPU
		{F512B7A9-E77D-404A-9FEF-7F527EEF9453}.Release|x86.ActiveCfg = Release|Any CPU
		{F512B7A9-E77D-404A-9FEF-7F527EEF9453}.Release|x86.Build.0 = Release|Any CPU
		{F512B7A9-E77D-404A-9FEF-7F527EEF9453}.Release|x86.Deploy.0 = Release|Any CPU
	EndGlobalSection
	GlobalSection(SolutionProperties) = preSolution
		HideSolutionNode = FALSE
	EndGlobalSection
	GlobalSection(ExtensibilityGlobals) = postSolution
		SolutionGuid = {71379589-1068-4DF4-AC61-A9B6B870F81D}
	EndGlobalSection
EndGlobal
